{
  "lockfileVersion": 1,
  "configVersion": 0,
  "workspaces": {
    "": {
      "name": "bun-react-template",
      "dependencies": {
        "@mantine/core": "^8.1.3",
        "@mantine/hooks": "^8.1.3",
        "@tabler/icons-react": "^3.34.0",
        "@vercel/analytics": "^2.0.1",
        "lenis": "^1.3.17",
        "next": "^15.0.0",
        "react": "^19",
        "react-dom": "^19",
        "react-loading-skeleton": "^3.5.0",
        "resend": "^6.8.0",
        "zustand": "^5.0.10",
      },
      "devDependencies": {
        "@types/node": "^20",
        "@types/react": "^19",
        "@types/react-dom": "^19",
        "typescript": "^5",
      },
    },
  },
  "packages": {
    "@babel/helper-string-parser": ["@babel/helper-string-parser@7.27.1", "", {}, "sha512-qMlSxKbpRlAridDExk92nSobyDdpPijUq2DW6oDnUqd0iOGxmQjyqhMIihI9+zv4LPyZdRje2cavWPbCbWm3eA=="],

    "@babel/helper-validator-identifier": ["@babel/helper-validator-identifier@7.28.5", "", {}, "sha512-qSs4ifwzKJSV39ucNjsvc6WVHs6b7S03sOh2OcHF9UHfVPqWWALUsNUVzhSBiItjRZoLHx7nIarVjqKVusUZ1Q=="],

    "@babel/parser": ["@babel/parser@7.29.0", "", { "dependencies": { "@babel/types": "^7.29.0" }, "bin": "./bin/babel-parser.js" }, "sha512-IyDgFV5GeDUVX4YdF/3CPULtVGSXXMLh1xVIgdCgxApktqnQV0r7/8Nqthg+8YLGaAtdyIlo2qIdZrbCv4+7ww=="],

    "@babel/runtime": ["@babel/runtime@7.28.4", "", {}, "sha512-Q/N6JNWvIvPnLDvjlE1OUBLPQHH6l3CltCEsHIujp45zQUSSh8K+gHnaEX45yAT1nyngnINhvWtzN+Nb9D8RAQ=="],

    "@babel/types": ["@babel/types@7.29.0", "", { "dependencies": { "@babel/helper-string-parser": "^7.27.1", "@babel/helper-validator-identifier": "^7.28.5" } }, "sha512-LwdZHpScM4Qz8Xw2iKSzS+cfglZzJGvofQICy7W7v4caru4EaAmyUuO6BGrbyQ2mYV11W0U8j5mBhd14dd3B0A=="],

    "@emnapi/runtime": ["@emnapi/runtime@1.10.0", "", { "dependencies": { "tslib": "^2.4.0" } }, "sha512-ewvYlk86xUoGI0zQRNq/mC+16R1QeDlKQy21Ki3oSYXNgLb45GV1P6A0M+/s6nyCuNDqe5VpaY84BzXGwVbwFA=="],

    "@floating-ui/core": ["@floating-ui/core@1.7.3", "", { "dependencies": { "@floating-ui/utils": "^0.2.10" } }, "sha512-sGnvb5dmrJaKEZ+LDIpguvdX3bDlEllmv4/ClQ9awcmCZrlx5jQyyMWFM5kBI+EyNOCDDiKk8il0zeuX3Zlg/w=="],

    "@floating-ui/dom": ["@floating-ui/dom@1.7.4", "", { "dependencies": { "@floating-ui/core": "^1.7.3", "@floating-ui/utils": "^0.2.10" } }, "sha512-OOchDgh4F2CchOX94cRVqhvy7b3AFb+/rQXyswmzmGakRfkMgoWVjfnLWkRirfLEfuD4ysVW16eXzwt3jHIzKA=="],

    "@floating-ui/react": ["@floating-ui/react@0.27.16", "", { "dependencies": { "@floating-ui/react-dom": "^2.1.6", "@floating-ui/utils": "^0.2.10", "tabbable": "^6.0.0" }, "peerDependencies": { "react": ">=17.0.0", "react-dom": ">=17.0.0" } }, "sha512-9O8N4SeG2z++TSM8QA/KTeKFBVCNEz/AGS7gWPJf6KFRzmRWixFRnCnkPHRDwSVZW6QPDO6uT0P2SpWNKCc9/g=="],

    "@floating-ui/react-dom": ["@floating-ui/react-dom@2.1.6", "", { "dependencies": { "@floating-ui/dom": "^1.7.4" }, "peerDependencies": { "react": ">=16.8.0", "react-dom": ">=16.8.0" } }, "sha512-4JX6rEatQEvlmgU80wZyq9RT96HZJa88q8hp0pBd+LrczeDI4o6uA2M+uvxngVHo4Ihr8uibXxH6+70zhAFrVw=="],

    "@floating-ui/utils": ["@floating-ui/utils@0.2.10", "", {}, "sha512-aGTxbpbg8/b5JfU1HXSrbH3wXZuLPJcNEcZQFMxLs3oSzgtVu6nFPkbbGGUvBcUjKV2YyB9Wxxabo+HEH9tcRQ=="],

    "@img/colour": ["@img/colour@1.1.0", "", {}, "sha512-Td76q7j57o/tLVdgS746cYARfSyxk8iEfRxewL9h4OMzYhbW4TAcppl0mT4eyqXddh6L/jwoM75mo7ixa/pCeQ=="],

    "@img/sharp-darwin-arm64": ["@img/sharp-darwin-arm64@0.34.5", "", { "optionalDependencies": { "@img/sharp-libvips-darwin-arm64": "1.2.4" }, "os": "darwin", "cpu": "arm64" }, "sha512-imtQ3WMJXbMY4fxb/Ndp6HBTNVtWCUI0WdobyheGf5+ad6xX8VIDO8u2xE4qc/fr08CKG/7dDseFtn6M6g/r3w=="],

    "@img/sharp-darwin-x64": ["@img/sharp-darwin-x64@0.34.5", "", { "optionalDependencies": { "@img/sharp-libvips-darwin-x64": "1.2.4" }, "os": "darwin", "cpu": "x64" }, "sha512-YNEFAF/4KQ/PeW0N+r+aVVsoIY0/qxxikF2SWdp+NRkmMB7y9LBZAVqQ4yhGCm/H3H270OSykqmQMKLBhBJDEw=="],

    "@img/sharp-libvips-darwin-arm64": ["@img/sharp-libvips-darwin-arm64@1.2.4", "", { "os": "darwin", "cpu": "arm64" }, "sha512-zqjjo7RatFfFoP0MkQ51jfuFZBnVE2pRiaydKJ1G/rHZvnsrHAOcQALIi9sA5co5xenQdTugCvtb1cuf78Vf4g=="],

    "@img/sharp-libvips-darwin-x64": ["@img/sharp-libvips-darwin-x64@1.2.4", "", { "os": "darwin", "cpu": "x64" }, "sha512-1IOd5xfVhlGwX+zXv2N93k0yMONvUlANylbJw1eTah8K/Jtpi15KC+WSiaX/nBmbm2HxRM1gZ0nSdjSsrZbGKg=="],

    "@img/sharp-libvips-linux-arm": ["@img/sharp-libvips-linux-arm@1.2.4", "", { "os": "linux", "cpu": "arm" }, "sha512-bFI7xcKFELdiNCVov8e44Ia4u2byA+l3XtsAj+Q8tfCwO6BQ8iDojYdvoPMqsKDkuoOo+X6HZA0s0q11ANMQ8A=="],

    "@img/sharp-libvips-linux-arm64": ["@img/sharp-libvips-linux-arm64@1.2.4", "", { "os": "linux", "cpu": "arm64" }, "sha512-excjX8DfsIcJ10x1Kzr4RcWe1edC9PquDRRPx3YVCvQv+U5p7Yin2s32ftzikXojb1PIFc/9Mt28/y+iRklkrw=="],

    "@img/sharp-libvips-linux-ppc64": ["@img/sharp-libvips-linux-ppc64@1.2.4", "", { "os": "linux", "cpu": "ppc64" }, "sha512-FMuvGijLDYG6lW+b/UvyilUWu5Ayu+3r2d1S8notiGCIyYU/76eig1UfMmkZ7vwgOrzKzlQbFSuQfgm7GYUPpA=="],

    "@img/sharp-libvips-linux-riscv64": ["@img/sharp-libvips-linux-riscv64@1.2.4", "", { "os": "linux", "cpu": "none" }, "sha512-oVDbcR4zUC0ce82teubSm+x6ETixtKZBh/qbREIOcI3cULzDyb18Sr/Wcyx7NRQeQzOiHTNbZFF1UwPS2scyGA=="],

    "@img/sharp-libvips-linux-s390x": ["@img/sharp-libvips-linux-s390x@1.2.4", "", { "os": "linux", "cpu": "s390x" }, "sha512-qmp9VrzgPgMoGZyPvrQHqk02uyjA0/QrTO26Tqk6l4ZV0MPWIW6LTkqOIov+J1yEu7MbFQaDpwdwJKhbJvuRxQ=="],

    "@img/sharp-libvips-linux-x64": ["@img/sharp-libvips-linux-x64@1.2.4", "", { "os": "linux", "cpu": "x64" }, "sha512-tJxiiLsmHc9Ax1bz3oaOYBURTXGIRDODBqhveVHonrHJ9/+k89qbLl0bcJns+e4t4rvaNBxaEZsFtSfAdquPrw=="],

    "@img/sharp-libvips-linuxmusl-arm64": ["@img/sharp-libvips-linuxmusl-arm64@1.2.4", "", { "os": "linux", "cpu": "arm64" }, "sha512-FVQHuwx1IIuNow9QAbYUzJ+En8KcVm9Lk5+uGUQJHaZmMECZmOlix9HnH7n1TRkXMS0pGxIJokIVB9SuqZGGXw=="],

    "@img/sharp-libvips-linuxmusl-x64": ["@img/sharp-libvips-linuxmusl-x64@1.2.4", "", { "os": "linux", "cpu": "x64" }, "sha512-+LpyBk7L44ZIXwz/VYfglaX/okxezESc6UxDSoyo2Ks6Jxc4Y7sGjpgU9s4PMgqgjj1gZCylTieNamqA1MF7Dg=="],

    "@img/sharp-linux-arm": ["@img/sharp-linux-arm@0.34.5", "", { "optionalDependencies": { "@img/sharp-libvips-linux-arm": "1.2.4" }, "os": "linux", "cpu": "arm" }, "sha512-9dLqsvwtg1uuXBGZKsxem9595+ujv0sJ6Vi8wcTANSFpwV/GONat5eCkzQo/1O6zRIkh0m/8+5BjrRr7jDUSZw=="],

    "@img/sharp-linux-arm64": ["@img/sharp-linux-arm64@0.34.5", "", { "optionalDependencies": { "@img/sharp-libvips-linux-arm64": "1.2.4" }, "os": "linux", "cpu": "arm64" }, "sha512-bKQzaJRY/bkPOXyKx5EVup7qkaojECG6NLYswgktOZjaXecSAeCWiZwwiFf3/Y+O1HrauiE3FVsGxFg8c24rZg=="],

    "@img/sharp-linux-ppc64": ["@img/sharp-linux-ppc64@0.34.5", "", { "optionalDependencies": { "@img/sharp-libvips-linux-ppc64": "1.2.4" }, "os": "linux", "cpu": "ppc64" }, "sha512-7zznwNaqW6YtsfrGGDA6BRkISKAAE1Jo0QdpNYXNMHu2+0dTrPflTLNkpc8l7MUP5M16ZJcUvysVWWrMefZquA=="],

    "@img/sharp-linux-riscv64": ["@img/sharp-linux-riscv64@0.34.5", "", { "optionalDependencies": { "@img/sharp-libvips-linux-riscv64": "1.2.4" }, "os": "linux", "cpu": "none" }, "sha512-51gJuLPTKa7piYPaVs8GmByo7/U7/7TZOq+cnXJIHZKavIRHAP77e3N2HEl3dgiqdD/w0yUfiJnII77PuDDFdw=="],

    "@img/sharp-linux-s390x": ["@img/sharp-linux-s390x@0.34.5", "", { "optionalDependencies": { "@img/sharp-libvips-linux-s390x": "1.2.4" }, "os": "linux", "cpu": "s390x" }, "sha512-nQtCk0PdKfho3eC5MrbQoigJ2gd1CgddUMkabUj+rBevs8tZ2cULOx46E7oyX+04WGfABgIwmMC0VqieTiR4jg=="],

    "@img/sharp-linux-x64": ["@img/sharp-linux-x64@0.34.5", "", { "optionalDependencies": { "@img/sharp-libvips-linux-x64": "1.2.4" }, "os": "linux", "cpu": "x64" }, "sha512-MEzd8HPKxVxVenwAa+JRPwEC7QFjoPWuS5NZnBt6B3pu7EG2Ge0id1oLHZpPJdn3OQK+BQDiw9zStiHBTJQQQQ=="],

    "@img/sharp-linuxmusl-arm64": ["@img/sharp-linuxmusl-arm64@0.34.5", "", { "optionalDependencies": { "@img/sharp-libvips-linuxmusl-arm64": "1.2.4" }, "os": "linux", "cpu": "arm64" }, "sha512-fprJR6GtRsMt6Kyfq44IsChVZeGN97gTD331weR1ex1c1rypDEABN6Tm2xa1wE6lYb5DdEnk03NZPqA7Id21yg=="],

    "@img/sharp-linuxmusl-x64": ["@img/sharp-linuxmusl-x64@0.34.5", "", { "optionalDependencies": { "@img/sharp-libvips-linuxmusl-x64": "1.2.4" }, "os": "linux", "cpu": "x64" }, "sha512-Jg8wNT1MUzIvhBFxViqrEhWDGzqymo3sV7z7ZsaWbZNDLXRJZoRGrjulp60YYtV4wfY8VIKcWidjojlLcWrd8Q=="],

    "@img/sharp-wasm32": ["@img/sharp-wasm32@0.34.5", "", { "dependencies": { "@emnapi/runtime": "^1.7.0" }, "cpu": "none" }, "sha512-OdWTEiVkY2PHwqkbBI8frFxQQFekHaSSkUIJkwzclWZe64O1X4UlUjqqqLaPbUpMOQk6FBu/HtlGXNblIs0huw=="],

    "@img/sharp-win32-arm64": ["@img/sharp-win32-arm64@0.34.5", "", { "os": "win32", "cpu": "arm64" }, "sha512-WQ3AgWCWYSb2yt+IG8mnC6Jdk9Whs7O0gxphblsLvdhSpSTtmu69ZG1Gkb6NuvxsNACwiPV6cNSZNzt0KPsw7g=="],

    "@img/sharp-win32-ia32": ["@img/sharp-win32-ia32@0.34.5", "", { "os": "win32", "cpu": "ia32" }, "sha512-FV9m/7NmeCmSHDD5j4+4pNI8Cp3aW+JvLoXcTUo0IqyjSfAZJ8dIUmijx1qaJsIiU+Hosw6xM5KijAWRJCSgNg=="],

    "@img/sharp-win32-x64": ["@img/sharp-win32-x64@0.34.5", "", { "os": "win32", "cpu": "x64" }, "sha512-+29YMsqY2/9eFEiW93eqWnuLcWcufowXewwSNIT6UwZdUUCrM3oFjMWH/Z6/TMmb4hlFenmfAVbpWeup2jryCw=="],

    "@jridgewell/sourcemap-codec": ["@jridgewell/sourcemap-codec@1.5.5", "", {}, "sha512-cYQ9310grqxueWbl+WuIUIaiUaDcj7WOq5fVhEljNVgRfOUhY9fy2zTvfoqWsnebh8Sl70VScFbICvJnLKB0Og=="],

    "@mantine/core": ["@mantine/core@8.3.10", "", { "dependencies": { "@floating-ui/react": "^0.27.16", "clsx": "^2.1.1", "react-number-format": "^5.4.4", "react-remove-scroll": "^2.7.1", "react-textarea-autosize": "8.5.9", "type-fest": "^4.41.0" }, "peerDependencies": { "@mantine/hooks": "8.3.10", "react": "^18.x || ^19.x", "react-dom": "^18.x || ^19.x" } }, "sha512-aKQFETN14v6GtM07b/G5yJneMM1yrgf9mNrTah6GVy5DvQM0AeutITT7toHqh5gxxwzdg/DoY+HQsv5zhqnc5g=="],

    "@mantine/hooks": ["@mantine/hooks@8.3.10", "", { "peerDependencies": { "react": "^18.x || ^19.x" } }, "sha512-bv+yYHl+keTIvakiDzVJMIjW+o8/Px0G3EdpCMFG+U2ux6SwQqluqoq+/kqrTtT6RaLvQ0fMxjpIULF2cu/xAg=="],

    "@next/env": ["@next/env@15.5.19", "", {}, "sha512-sWWluFvcv5v3Fxznmf2ZfjyoVQt/64oCnYqS90inQWGzMPK1VjvekPiz3OPHKmFT30EnHrjlbyaHLt3M0vWabw=="],

    "@next/swc-darwin-arm64": ["@next/swc-darwin-arm64@15.5.19", "", { "os": "darwin", "cpu": "arm64" }, "sha512-jx9wWlTKueHKPvVOndyr7WuaevWCkuYqsQ8gC0TMPKAVWG3MhcdMrjfo9tvIZNXd0QOUYXXvAcZ325y8Uq7uzg=="],

    "@next/swc-darwin-x64": ["@next/swc-darwin-x64@15.5.19", "", { "os": "darwin", "cpu": "x64" }, "sha512-291KFcsIQ3OenRdiUDFOR6W3wezzH4auENXm1gbm1Bjd4ANMMRgxPrWTUztQN43BnVoVuMnHCrLeECIMwgFKbA=="],

    "@next/swc-linux-arm64-gnu": ["@next/swc-linux-arm64-gnu@15.5.19", "", { "os": "linux", "cpu": "arm64" }, "sha512-WeH+nelQyyMeE2f8FxBRZNrGipya5zHZV2vjzfCOAYyiI6am+NbnWAAldOBFQBB2w0DjJcsvrKqoFT2b7+5YoA=="],

    "@next/swc-linux-arm64-musl": ["@next/swc-linux-arm64-musl@15.5.19", "", { "os": "linux", "cpu": "arm64" }, "sha512-5xTOE0lDlDCSSfp+BAif7j17VRRCjWp//ZPZy6NI0QpdrhxtQnsZguSx0xAAZ0c9XZLrLLwCe/XVe5YPrRilKw=="],

    "@next/swc-linux-x64-gnu": ["@next/swc-linux-x64-gnu@15.5.19", "", { "os": "linux", "cpu": "x64" }, "sha512-LTxRmMgqqMv05Had879W00Fm53quiJd3Zuz8h1JSNJ3nGSlbZ/7Tjs1tKyScgN3Au3t3MyPsjPlq60fMmSHLsg=="],

    "@next/swc-linux-x64-musl": ["@next/swc-linux-x64-musl@15.5.19", "", { "os": "linux", "cpu": "x64" }, "sha512-eoNQSpA5PQfB9wBO4RA47MTDXWz1fizy9Y3Z6e4DetYIF3dvjuu8sj7aIGn/bFCU6lnFzTK34NtCaffP4NsQ7Q=="],

    "@next/swc-win32-arm64-msvc": ["@next/swc-win32-arm64-msvc@15.5.19", "", { "os": "win32", "cpu": "arm64" }, "sha512-6UNt2dFuCHOe446sm/Kp69nUe8/wIhnh9bm6Xcqw4qEWCOppLMOvhTBVgvM7invVUNr4SPpP6NOQsACtn2IN9Q=="],

    "@next/swc-win32-x64-msvc": ["@next/swc-win32-x64-msvc@15.5.19", "", { "os": "win32", "cpu": "x64" }, "sha512-PhmojAHyqMne56HBLGu9dhDnHPuFmEjrXSQMM/nW0J6j849lk3ESrVtqNJcCk8CKOV7brpTTbaYAjwKPzKM69w=="],

    "@stablelib/base64": ["@stablelib/base64@1.0.1", "", {}, "sha512-1bnPQqSxSuc3Ii6MhBysoWCg58j97aUjuCSZrGSmDxNqtytIi0k8utUenAwTZN4V5mXXYGsVUI9zeBqy+jBOSQ=="],

    "@swc/helpers": ["@swc/helpers@0.5.15", "", { "dependencies": { "tslib": "^2.8.0" } }, "sha512-JQ5TuMi45Owi4/BIMAJBoSQoOJu12oOk/gADqlcUL9JEdHB8vyjUSsxqeNXnmXHjYKMi2WcYtezGEEhqUI/E2g=="],

    "@tabler/icons": ["@tabler/icons@3.36.0", "", {}, "sha512-z9OfTEG6QbaQWM9KBOxxUdpgvMUn0atageXyiaSc2gmYm51ORO8Ua7eUcjlks+Dc0YMK4rrodAFdK9SfjJ4ZcA=="],

    "@tabler/icons-react": ["@tabler/icons-react@3.36.0", "", { "dependencies": { "@tabler/icons": "3.36.0" }, "peerDependencies": { "react": ">= 16" } }, "sha512-sSZ00bEjTdTTskVFykq294RJq+9cFatwy4uYa78HcYBCXU1kSD1DIp5yoFsQXmybkIOKCjp18OnhAYk553UIfQ=="],

    "@types/node": ["@types/node@20.19.42", "", { "dependencies": { "undici-types": "~6.21.0" } }, "sha512-5L7SUaFC1RyDraj2yRhyBzHTobyXHmohD100CChNtyPyleoq37Mqab5Gn8XEKI04dfN/oqPdpHk38MgcQWHbZg=="],

    "@types/react": ["@types/react@19.1.8", "", { "dependencies": { "csstype": "^3.0.2" } }, "sha512-AwAfQ2Wa5bCx9WP8nZL2uMZWod7J7/JSplxbTmBQ5ms6QpqNYm672H0Vu9ZVKVngQ+ii4R/byguVEUZQyeg44g=="],

    "@types/react-dom": ["@types/react-dom@19.1.6", "", { "peerDependencies": { "@types/react": "^19.0.0" } }, "sha512-4hOiT/dwO8Ko0gV1m/TJZYk3y0KBnY9vzDh7W+DH17b2HFSOGgdj33dhihPeuy3l0q23+4e+hoXHV6hCC4dCXw=="],

    "@vercel/analytics": ["@vercel/analytics@2.0.1", "", { "peerDependencies": { "@remix-run/react": "^2", "@sveltejs/kit": "^1 || ^2", "next": ">= 13", "nuxt": ">= 3", "react": "^18 || ^19 || ^19.0.0-rc", "svelte": ">= 4", "vue": "^3", "vue-router": "^4" }, "optionalPeers": ["@remix-run/react", "@sveltejs/kit", "next", "nuxt", "react", "svelte", "vue", "vue-router"] }, "sha512-MTQG6V9qQrt1tsDeF+2Uoo5aPjqbVPys1xvnIftXSJYG2SrwXRHnqEvVoYID7BTruDz4lCd2Z7rM1BdkUehk2g=="],

    "@vue/compiler-core": ["@vue/compiler-core@3.5.28", "", { "dependencies": { "@babel/parser": "^7.29.0", "@vue/shared": "3.5.28", "entities": "^7.0.1", "estree-walker": "^2.0.2", "source-map-js": "^1.2.1" } }, "sha512-kviccYxTgoE8n6OCw96BNdYlBg2GOWfBuOW4Vqwrt7mSKWKwFVvI8egdTltqRgITGPsTFYtKYfxIG8ptX2PJHQ=="],

    "@vue/compiler-dom": ["@vue/compiler-dom@3.5.28", "", { "dependencies": { "@vue/compiler-core": "3.5.28", "@vue/shared": "3.5.28" } }, "sha512-/1ZepxAb159jKR1btkefDP+J2xuWL5V3WtleRmxaT+K2Aqiek/Ab/+Ebrw2pPj0sdHO8ViAyyJWfhXXOP/+LQA=="],

    "@vue/compiler-sfc": ["@vue/compiler-sfc@3.5.28", "", { "dependencies": { "@babel/parser": "^7.29.0", "@vue/compiler-core": "3.5.28", "@vue/compiler-dom": "3.5.28", "@vue/compiler-ssr": "3.5.28", "@vue/shared": "3.5.28", "estree-walker": "^2.0.2", "magic-string": "^0.30.21", "postcss": "^8.5.6", "source-map-js": "^1.2.1" } }, "sha512-6TnKMiNkd6u6VeVDhZn/07KhEZuBSn43Wd2No5zaP5s3xm8IqFTHBj84HJah4UepSUJTro5SoqqlOY22FKY96g=="],

    "@vue/compiler-ssr": ["@vue/compiler-ssr@3.5.28", "", { "dependencies": { "@vue/compiler-dom": "3.5.28", "@vue/shared": "3.5.28" } }, "sha512-JCq//9w1qmC6UGLWJX7RXzrGpKkroubey/ZFqTpvEIDJEKGgntuDMqkuWiZvzTzTA5h2qZvFBFHY7fAAa9475g=="],

    "@vue/reactivity": ["@vue/reactivity@3.5.28", "", { "dependencies": { "@vue/shared": "3.5.28" } }, "sha512-gr5hEsxvn+RNyu9/9o1WtdYdwDjg5FgjUSBEkZWqgTKlo/fvwZ2+8W6AfKsc9YN2k/+iHYdS9vZYAhpi10kNaw=="],

    "@vue/runtime-core": ["@vue/runtime-core@3.5.28", "", { "dependencies": { "@vue/reactivity": "3.5.28", "@vue/shared": "3.5.28" } }, "sha512-POVHTdbgnrBBIpnbYU4y7pOMNlPn2QVxVzkvEA2pEgvzbelQq4ZOUxbp2oiyo+BOtiYlm8Q44wShHJoBvDPAjQ=="],

    "@vue/runtime-dom": ["@vue/runtime-dom@3.5.28", "", { "dependencies": { "@vue/reactivity": "3.5.28", "@vue/runtime-core": "3.5.28", "@vue/shared": "3.5.28", "csstype": "^3.2.3" } }, "sha512-4SXxSF8SXYMuhAIkT+eBRqOkWEfPu6nhccrzrkioA6l0boiq7sp18HCOov9qWJA5HML61kW8p/cB4MmBiG9dSA=="],

    "@vue/server-renderer": ["@vue/server-renderer@3.5.28", "", { "dependencies": { "@vue/compiler-ssr": "3.5.28", "@vue/shared": "3.5.28" }, "peerDependencies": { "vue": "3.5.28" } }, "sha512-pf+5ECKGj8fX95bNincbzJ6yp6nyzuLDhYZCeFxUNp8EBrQpPpQaLX3nNCp49+UbgbPun3CeVE+5CXVV1Xydfg=="],

    "@vue/shared": ["@vue/shared@3.5.28", "", {}, "sha512-cfWa1fCGBxrvaHRhvV3Is0MgmrbSCxYTXCSCau2I0a1Xw1N1pHAvkWCiXPRAqjvToILvguNyEwjevUqAuBQWvQ=="],

    "caniuse-lite": ["caniuse-lite@1.0.30001761", "", {}, "sha512-JF9ptu1vP2coz98+5051jZ4PwQgd2ni8A+gYSN7EA7dPKIMf0pDlSUxhdmVOaV3/fYK5uWBkgSXJaRLr4+3A6g=="],

    "client-only": ["client-only@0.0.1", "", {}, "sha512-IV3Ou0jSMzZrd3pZ48nLkT9DA7Ag1pnPzaiQhpW7c3RbcqqzvzzVu+L8gfqMp/8IM2MQtSiqaCxrrcfu8I8rMA=="],

    "clsx": ["clsx@2.1.1", "", {}, "sha512-eYm0QWBtUrBWZWG0d386OGAw16Z995PiOVo2B7bjWSbHedGl5e0ZWaq65kOGgUSNesEIDkB9ISbTg/JK9dhCZA=="],

    "csstype": ["csstype@3.1.3", "", {}, "sha512-M1uQkMl8rQK/szD0LNhtqxIPLpimGm8sOBwU7lLnCpSbTyY3yeU1Vc7l4KT5zT4s/yOxHH5O7tIuuLOCnLADRw=="],

    "detect-libc": ["detect-libc@2.1.2", "", {}, "sha512-Btj2BOOO83o3WyH59e8MgXsxEQVcarkUOpEYrubB0urwnN10yQ364rsiByU11nZlqWYZm05i/of7io4mzihBtQ=="],

    "detect-node-es": ["detect-node-es@1.1.0", "", {}, "sha512-ypdmJU/TbBby2Dxibuv7ZLW3Bs1QEmM7nHjEANfohJLvE0XVujisn1qPJcZxg+qDucsr+bP6fLD1rPS3AhJ7EQ=="],

    "entities": ["entities@7.0.1", "", {}, "sha512-TWrgLOFUQTH994YUyl1yT4uyavY5nNB5muff+RtWaqNVCAK408b5ZnnbNAUEWLTCpum9w6arT70i1XdQ4UeOPA=="],

    "estree-walker": ["estree-walker@2.0.2", "", {}, "sha512-Rfkk/Mp/DL7JVje3u18FxFujQlTNR2q6QfMSMB7AvCBx91NGj/ba3kCfza0f6dVDbw7YlRf/nDrn7pQrCCyQ/w=="],

    "fast-sha256": ["fast-sha256@1.3.0", "", {}, "sha512-n11RGP/lrWEFI/bWdygLxhI+pVeo1ZYIVwvvPkW7azl/rOy+F3HYRZ2K5zeE9mmkhQppyv9sQFx0JM9UabnpPQ=="],

    "get-nonce": ["get-nonce@1.0.1", "", {}, "sha512-FJhYRoDaiatfEkUK8HKlicmu/3SGFD51q3itKDGoSTysQJBnfOcxU5GxnhE1E6soB76MbT0MBtnKJuXyAx+96Q=="],

    "lenis": ["lenis@1.3.17", "", { "peerDependencies": { "@nuxt/kit": ">=3.0.0", "react": ">=17.0.0", "vue": ">=3.0.0" }, "optionalPeers": ["@nuxt/kit", "react", "vue"] }, "sha512-k9T9rgcxne49ggJOvXCraWn5dt7u2mO+BNkhyu6yxuEnm9c092kAW5Bus5SO211zUvx7aCCEtzy9UWr0RB+oJw=="],

    "magic-string": ["magic-string@0.30.21", "", { "dependencies": { "@jridgewell/sourcemap-codec": "^1.5.5" } }, "sha512-vd2F4YUyEXKGcLHoq+TEyCjxueSeHnFxyyjNp80yg0XV4vUhnDer/lvvlqM/arB5bXQN5K2/3oinyCRyx8T2CQ=="],

    "nanoid": ["nanoid@3.3.11", "", { "bin": { "nanoid": "bin/nanoid.cjs" } }, "sha512-N8SpfPUnUp1bK+PMYW8qSWdl9U+wwNWI4QKxOYDy9JAro3WMX7p2OeVRF9v+347pnakNevPmiHhNmZ2HbFA76w=="],

    "next": ["next@15.5.19", "", { "dependencies": { "@next/env": "15.5.19", "@swc/helpers": "0.5.15", "caniuse-lite": "^1.0.30001579", "postcss": "8.4.31", "styled-jsx": "5.1.6" }, "optionalDependencies": { "@next/swc-darwin-arm64": "15.5.19", "@next/swc-darwin-x64": "15.5.19", "@next/swc-linux-arm64-gnu": "15.5.19", "@next/swc-linux-arm64-musl": "15.5.19", "@next/swc-linux-x64-gnu": "15.5.19", "@next/swc-linux-x64-musl": "15.5.19", "@next/swc-win32-arm64-msvc": "15.5.19", "@next/swc-win32-x64-msvc": "15.5.19", "sharp": "^0.34.3" }, "peerDependencies": { "@opentelemetry/api": "^1.1.0", "@playwright/test": "^1.51.1", "babel-plugin-react-compiler": "*", "react": "^18.2.0 || 19.0.0-rc-de68d2f4-20241204 || ^19.0.0", "react-dom": "^18.2.0 || 19.0.0-rc-de68d2f4-20241204 || ^19.0.0", "sass": "^1.3.0" }, "optionalPeers": ["@opentelemetry/api", "@playwright/test", "babel-plugin-react-compiler", "sass"], "bin": { "next": "dist/bin/next" } }, "sha512-xNOW6tYshGX1/Oi3F8uuk4gpDeWsSUE/1Z0G5uUMekIxaQ0xc03UXd9II0VQHYMWviMeA0OHpJFAKsHf8bTYVg=="],

    "picocolors": ["picocolors@1.1.1", "", {}, "sha512-xceH2snhtb5M9liqDsmEw56le376mTZkEX/jEb/RxNFyegNul7eNslCXP9FDj/Lcu0X8KEyMceP2ntpaHrDEVA=="],

    "postcss": ["postcss@8.4.31", "", { "dependencies": { "nanoid": "^3.3.6", "picocolors": "^1.0.0", "source-map-js": "^1.0.2" } }, "sha512-PS08Iboia9mts/2ygV3eLpY5ghnUcfLV/EXTOW1E2qYxJKGGBUtNjN76FYHnMs36RmARn41bC0AZmn+rR0OVpQ=="],

    "react": ["react@19.1.0", "", {}, "sha512-FS+XFBNvn3GTAWq26joslQgWNoFu08F4kl0J4CgdNKADkdSGXQyTCnKteIAJy96Br6YbpEU1LSzV5dYtjMkMDg=="],

    "react-dom": ["react-dom@19.1.0", "", { "dependencies": { "scheduler": "^0.26.0" }, "peerDependencies": { "react": "^19.1.0" } }, "sha512-Xs1hdnE+DyKgeHJeJznQmYMIBG3TKIHJJT95Q58nHLSrElKlGQqDTR2HQ9fx5CN/Gk6Vh/kupBTDLU11/nDk/g=="],

    "react-loading-skeleton": ["react-loading-skeleton@3.5.0", "", { "peerDependencies": { "react": ">=16.8.0" } }, "sha512-gxxSyLbrEAdXTKgfbpBEFZCO/P153DnqSCQau2+o6lNy1jgMRr2MmRmOzMmyrwSaSYLRB8g7b0waYPmUjz7IhQ=="],

    "react-number-format": ["react-number-format@5.4.4", "", { "peerDependencies": { "react": "^0.14 || ^15.0.0 || ^16.0.0 || ^17.0.0 || ^18.0.0 || ^19.0.0", "react-dom": "^0.14 || ^15.0.0 || ^16.0.0 || ^17.0.0 || ^18.0.0 || ^19.0.0" } }, "sha512-wOmoNZoOpvMminhifQYiYSTCLUDOiUbBunrMrMjA+dV52sY+vck1S4UhR6PkgnoCquvvMSeJjErXZ4qSaWCliA=="],

    "react-remove-scroll": ["react-remove-scroll@2.7.2", "", { "dependencies": { "react-remove-scroll-bar": "^2.3.7", "react-style-singleton": "^2.2.3", "tslib": "^2.1.0", "use-callback-ref": "^1.3.3", "use-sidecar": "^1.1.3" }, "peerDependencies": { "@types/react": "*", "react": "^16.8.0 || ^17.0.0 || ^18.0.0 || ^19.0.0 || ^19.0.0-rc" }, "optionalPeers": ["@types/react"] }, "sha512-Iqb9NjCCTt6Hf+vOdNIZGdTiH1QSqr27H/Ek9sv/a97gfueI/5h1s3yRi1nngzMUaOOToin5dI1dXKdXiF+u0Q=="],

    "react-remove-scroll-bar": ["react-remove-scroll-bar@2.3.8", "", { "dependencies": { "react-style-singleton": "^2.2.2", "tslib": "^2.0.0" }, "peerDependencies": { "@types/react": "*", "react": "^16.8.0 || ^17.0.0 || ^18.0.0 || ^19.0.0" }, "optionalPeers": ["@types/react"] }, "sha512-9r+yi9+mgU33AKcj6IbT9oRCO78WriSj6t/cF8DWBZJ9aOGPOTEDvdUDz1FwKim7QXWwmHqtdHnRJfhAxEG46Q=="],

    "react-style-singleton": ["react-style-singleton@2.2.3", "", { "dependencies": { "get-nonce": "^1.0.0", "tslib": "^2.0.0" }, "peerDependencies": { "@types/react": "*", "react": "^16.8.0 || ^17.0.0 || ^18.0.0 || ^19.0.0 || ^19.0.0-rc" }, "optionalPeers": ["@types/react"] }, "sha512-b6jSvxvVnyptAiLjbkWLE/lOnR4lfTtDAl+eUC7RZy+QQWc6wRzIV2CE6xBuMmDxc2qIihtDCZD5NPOFl7fRBQ=="],

    "react-textarea-autosize": ["react-textarea-autosize@8.5.9", "", { "dependencies": { "@babel/runtime": "^7.20.13", "use-composed-ref": "^1.3.0", "use-latest": "^1.2.1" }, "peerDependencies": { "react": "^16.8.0 || ^17.0.0 || ^18.0.0 || ^19.0.0" } }, "sha512-U1DGlIQN5AwgjTyOEnI1oCcMuEr1pv1qOtklB2l4nyMGbHzWrI0eFsYK0zos2YWqAolJyG0IWJaqWmWj5ETh0A=="],

    "resend": ["resend@6.8.0", "", { "dependencies": { "svix": "1.84.1" }, "peerDependencies": { "@react-email/render": "*" }, "optionalPeers": ["@react-email/render"] }, "sha512-fDOXGqafQfQXl8nXe93wr93pus8tW7YPpowenE3SmG7dJJf0hH3xUWm3xqacnPvhqjCQTJH9xETg07rmUeSuqQ=="],

    "scheduler": ["scheduler@0.26.0", "", {}, "sha512-NlHwttCI/l5gCPR3D1nNXtWABUmBwvZpEQiD4IXSbIDq8BzLIK/7Ir5gTFSGZDUu37K5cMNp0hFtzO38sC7gWA=="],

    "semver": ["semver@7.8.2", "", { "bin": { "semver": "bin/semver.js" } }, "sha512-c8jsqUZm3omBOI66G90z1Dyw5z622G8oLG+omfsHBJf3CWQTlOcwOjvOG6wtiNfW6anKm/eA39LMwMtMez2TiQ=="],

    "sharp": ["sharp@0.34.5", "", { "dependencies": { "@img/colour": "^1.0.0", "detect-libc": "^2.1.2", "semver": "^7.7.3" }, "optionalDependencies": { "@img/sharp-darwin-arm64": "0.34.5", "@img/sharp-darwin-x64": "0.34.5", "@img/sharp-libvips-darwin-arm64": "1.2.4", "@img/sharp-libvips-darwin-x64": "1.2.4", "@img/sharp-libvips-linux-arm": "1.2.4", "@img/sharp-libvips-linux-arm64": "1.2.4", "@img/sharp-libvips-linux-ppc64": "1.2.4", "@img/sharp-libvips-linux-riscv64": "1.2.4", "@img/sharp-libvips-linux-s390x": "1.2.4", "@img/sharp-libvips-linux-x64": "1.2.4", "@img/sharp-libvips-linuxmusl-arm64": "1.2.4", "@img/sharp-libvips-linuxmusl-x64": "1.2.4", "@img/sharp-linux-arm": "0.34.5", "@img/sharp-linux-arm64": "0.34.5", "@img/sharp-linux-ppc64": "0.34.5", "@img/sharp-linux-riscv64": "0.34.5", "@img/sharp-linux-s390x": "0.34.5", "@img/sharp-linux-x64": "0.34.5", "@img/sharp-linuxmusl-arm64": "0.34.5", "@img/sharp-linuxmusl-x64": "0.34.5", "@img/sharp-wasm32": "0.34.5", "@img/sharp-win32-arm64": "0.34.5", "@img/sharp-win32-ia32": "0.34.5", "@img/sharp-win32-x64": "0.34.5" } }, "sha512-Ou9I5Ft9WNcCbXrU9cMgPBcCK8LiwLqcbywW3t4oDV37n1pzpuNLsYiAV8eODnjbtQlSDwZ2cUEeQz4E54Hltg=="],

    "source-map-js": ["source-map-js@1.2.1", "", {}, "sha512-UXWMKhLOwVKb728IUtQPXxfYU+usdybtUrK/8uGE8CQMvrhOpwvzDBwj0QhSL7MQc7vIsISBG8VQ8+IDQxpfQA=="],

    "standardwebhooks": ["standardwebhooks@1.0.0", "", { "dependencies": { "@stablelib/base64": "^1.0.0", "fast-sha256": "^1.3.0" } }, "sha512-BbHGOQK9olHPMvQNHWul6MYlrRTAOKn03rOe4A8O3CLWhNf4YHBqq2HJKKC+sfqpxiBY52pNeesD6jIiLDz8jg=="],

    "styled-jsx": ["styled-jsx@5.1.6", "", { "dependencies": { "client-only": "0.0.1" }, "peerDependencies": { "@babel/core": "*", "babel-plugin-macros": "*", "react": ">= 16.8.0 || 17.x.x || ^18.0.0-0 || ^19.0.0-0" }, "optionalPeers": ["@babel/core", "babel-plugin-macros"] }, "sha512-qSVyDTeMotdvQYoHWLNGwRFJHC+i+ZvdBRYosOFgC+Wg1vx4frN2/RG/NA7SYqqvKNLf39P2LSRA2pu6n0XYZA=="],

    "svix": ["svix@1.84.1", "", { "dependencies": { "standardwebhooks": "1.0.0", "uuid": "^10.0.0" } }, "sha512-K8DPPSZaW/XqXiz1kEyzSHYgmGLnhB43nQCMeKjWGCUpLIpAMMM8kx3rVVOSm6Bo6EHyK1RQLPT4R06skM/MlQ=="],

    "tabbable": ["tabbable@6.3.0", "", {}, "sha512-EIHvdY5bPLuWForiR/AN2Bxngzpuwn1is4asboytXtpTgsArc+WmSJKVLlhdh71u7jFcryDqB2A8lQvj78MkyQ=="],

    "tslib": ["tslib@2.8.1", "", {}, "sha512-oJFu94HQb+KVduSUQL7wnpmqnfmLsOA/nAh6b6EH0wCEoK0/mPeXU6c3wKDV83MkOuHPRHtSXKKU99IBazS/2w=="],

    "type-fest": ["type-fest@4.41.0", "", {}, "sha512-TeTSQ6H5YHvpqVwBRcnLDCBnDOHWYu7IvGbHT6N8AOymcr9PJGjc1GTtiWZTYg0NCgYwvnYWEkVChQAr9bjfwA=="],

    "typescript": ["typescript@5.9.3", "", { "bin": { "tsc": "bin/tsc", "tsserver": "bin/tsserver" } }, "sha512-jl1vZzPDinLr9eUt3J/t7V6FgNEw9QjvBPdysz9KfQDD41fQrC2Y4vKQdiaUpFT4bXlb1RHhLpp8wtm6M5TgSw=="],

    "undici-types": ["undici-types@6.21.0", "", {}, "sha512-iwDZqg0QAGrg9Rav5H4n0M64c3mkR59cJ6wQp+7C4nI0gsmExaedaYLNO44eT4AtBBwjbTiGPMlt2Md0T9H9JQ=="],

    "use-callback-ref": ["use-callback-ref@1.3.3", "", { "dependencies": { "tslib": "^2.0.0" }, "peerDependencies": { "@types/react": "*", "react": "^16.8.0 || ^17.0.0 || ^18.0.0 || ^19.0.0 || ^19.0.0-rc" }, "optionalPeers": ["@types/react"] }, "sha512-jQL3lRnocaFtu3V00JToYz/4QkNWswxijDaCVNZRiRTO3HQDLsdu1ZtmIUvV4yPp+rvWm5j0y0TG/S61cuijTg=="],

    "use-composed-ref": ["use-composed-ref@1.4.0", "", { "peerDependencies": { "react": "^16.8.0 || ^17.0.0 || ^18.0.0 || ^19.0.0" } }, "sha512-djviaxuOOh7wkj0paeO1Q/4wMZ8Zrnag5H6yBvzN7AKKe8beOaED9SF5/ByLqsku8NP4zQqsvM2u3ew/tJK8/w=="],

    "use-isomorphic-layout-effect": ["use-isomorphic-layout-effect@1.2.1", "", { "peerDependencies": { "react": "^16.8.0 || ^17.0.0 || ^18.0.0 || ^19.0.0" } }, "sha512-tpZZ+EX0gaghDAiFR37hj5MgY6ZN55kLiPkJsKxBMZ6GZdOSPJXiOzPM984oPYZ5AnehYx5WQp1+ME8I/P/pRA=="],

    "use-latest": ["use-latest@1.3.0", "", { "dependencies": { "use-isomorphic-layout-effect": "^1.1.1" }, "peerDependencies": { "react": "^16.8.0 || ^17.0.0 || ^18.0.0 || ^19.0.0" } }, "sha512-mhg3xdm9NaM8q+gLT8KryJPnRFOz1/5XPBhmDEVZK1webPzDjrPk7f/mbpeLqTgB9msytYWANxgALOCJKnLvcQ=="],

    "use-sidecar": ["use-sidecar@1.1.3", "", { "dependencies": { "detect-node-es": "^1.1.0", "tslib": "^2.0.0" }, "peerDependencies": { "@types/react": "*", "react": "^16.8.0 || ^17.0.0 || ^18.0.0 || ^19.0.0 || ^19.0.0-rc" }, "optionalPeers": ["@types/react"] }, "sha512-Fedw0aZvkhynoPYlA5WXrMCAMm+nSWdZt6lzJQ7Ok8S6Q+VsHmHpRWndVRJ8Be0ZbkfPc5LRYH+5XrzXcEeLRQ=="],

    "uuid": ["uuid@10.0.0", "", { "bin": { "uuid": "dist/bin/uuid" } }, "sha512-8XkAphELsDnEGrDxUOHB3RGvXz6TeuYSGEZBOjtTtPm2lwhGBjLgOzLHB63IUWfBpNucQjND6d3AOudO+H3RWQ=="],

    "vue": ["vue@3.5.28", "", { "dependencies": { "@vue/compiler-dom": "3.5.28", "@vue/compiler-sfc": "3.5.28", "@vue/runtime-dom": "3.5.28", "@vue/server-renderer": "3.5.28", "@vue/shared": "3.5.28" }, "peerDependencies": { "typescript": "*" }, "optionalPeers": ["typescript"] }, "sha512-BRdrNfeoccSoIZeIhyPBfvWSLFP4q8J3u8Ju8Ug5vu3LdD+yTM13Sg4sKtljxozbnuMu1NB1X5HBHRYUzFocKg=="],

    "zustand": ["zustand@5.0.10", "", { "peerDependencies": { "@types/react": ">=18.0.0", "immer": ">=9.0.6", "react": ">=18.0.0", "use-sync-external-store": ">=1.2.0" }, "optionalPeers": ["@types/react", "immer", "react", "use-sync-external-store"] }, "sha512-U1AiltS1O9hSy3rul+Ub82ut2fqIAefiSuwECWt6jlMVUGejvf+5omLcRBSzqbRagSM3hQZbtzdeRc6QVScXTg=="],

    "@vue/compiler-sfc/postcss": ["postcss@8.5.6", "", { "dependencies": { "nanoid": "^3.3.11", "picocolors": "^1.1.1", "source-map-js": "^1.2.1" } }, "sha512-3Ybi1tAuwAP9s0r1UQ2J4n5Y0G05bJkpUIO0/bI9MhwmD70S5aTWbXGBwxHrelT+XM1k6dM0pk+SwNkpTRN7Pg=="],

    "@vue/runtime-dom/csstype": ["csstype@3.2.3", "", {}, "sha512-z1HGKcYy2xA8AGQfwrn0PAy+PB7X/GSj3UVJW9qKyn43xWa+gl5nXmU4qqLMRzWVLFC8KusUX8T/0kCiOYpAIQ=="],
  }
}
